
Microsoft Visual Studio Solution File, Format Version 12.00
# Visual Studio Version 16
VisualStudioVersion = 16.0.29326.143
MinimumVisualStudioVersion = 10.0.40219.1
Project("{9A19103F-16F7-4668-BE54-9A1E7A4F7556}") = "TomiSoft.ProductCatalog", "TomiSoft.ProductCatalog\TomiSoft.ProductCatalog.csproj", "{D537585E-081C-43C4-BCC6-87BB4589EFBB}"
EndProject
Project("{9A19103F-16F7-4668-BE54-9A1E7A4F7556}") = "TomiSoft.ProductCatalog.Data.Sqlite", "TomiSoft.ProductCatalog.Data.Sqlite\TomiSoft.ProductCatalog.Data.Sqlite.csproj", "{88168FCB-C894-422A-BF4D-B01FBDCBF8EA}"
EndProject
Project("{9A19103F-16F7-4668-BE54-9A1E7A4F7556}") = "TomiSoft.ProductCatalog.Server", "TomiSoft.ProductCatalog.Server\TomiSoft.ProductCatalog.Server.csproj", "{28A5BE2A-2761-4ED4-BCD8-46A6AC82EC48}"
EndProject
Project("{9A19103F-16F7-4668-BE54-9A1E7A4F7556}") = "TomiSoft.ProductCatalog.Server.OpenApiGenerated", "TomiSoft.ProductCatalog.Server.OpenApiGenerated\TomiSoft.ProductCatalog.Server.OpenApiGenerated.csproj", "{A8BE4990-CB3B-40B5-A57B-1C6D5F569CCA}"
EndProject
Global
	GlobalSection(SolutionConfigurationPlatforms) = preSolution
		Debug|Any CPU = Debug|Any CPU
		Release|Any CPU = Release|Any CPU
	EndGlobalSection
	GlobalSection(ProjectConfigurationPlatforms) = postSolution
		{D537585E-081C-43C4-BCC6-87BB4589EFBB}.Debug|Any CPU.ActiveCfg = Debug|Any CPU
		{D537585E-081C-43C4-BCC6-87BB4589EFBB}.Debug|Any CPU.Build.0 = Debug|Any CPU
		{D537585E-081C-43C4-BCC6-87BB4589EFBB}.Release|Any CPU.ActiveCfg = Release|Any CPU
		{D537585E-081C-43C4-BCC6-87BB4589EFBB}.Release|Any CPU.Build.0 = Release|Any CPU
		{88168FCB-C894-422A-BF4D-B01FBDCBF8EA}.Debug|Any CPU.ActiveCfg = Debug|Any CPU
		{88168FCB-C894-422A-BF4D-B01FBDCBF8EA}.Debug|Any CPU.Build.0 = Debug|Any CPU
		{88168FCB-C894-422A-BF4D-B01FBDCBF8EA}.Release|Any CPU.ActiveCfg = Release|Any CPU
		{88168FCB-C894-422A-BF4D-B01FBDCBF8EA}.Release|Any CPU.Build.0 = Release|Any CPU
		{28A5BE2A-2761-4ED4-BCD8-46A6AC82EC48}.Debug|Any CPU.ActiveCfg = Debug|Any CPU
		{28A5BE2A-2761-4ED4-BCD8-46A6AC82EC48}.Debug|Any CPU.Build.0 = Debug|Any CPU
		{28A5BE2A-2761-4ED4-BCD8-46A6AC82EC48}.Release|Any CPU.ActiveCfg = Release|Any CPU
		{28A5BE2A-2761-4ED4-BCD8-46A6AC82EC48}.Release|Any CPU.Build.0 = Release|Any CPU
		{A8BE4990-CB3B-40B5-A57B-1C6D5F569CCA}.Debug|Any CPU.ActiveCfg = Debug|Any CPU
		{A8BE4990-CB3B-40B5-A57B-1C6D5F569CCA}.Debug|Any CPU.Build.0 = Debug|Any CPU
		{A8BE4990-CB3B-40B5-A57B-1C6D5F569CCA}.Release|Any CPU.ActiveCfg = Release|Any CPU
		{A8BE4990-CB3B-40B5-A57B-1C6D5F569CCA}.Release|Any CPU.Build.0 = Release|Any CPU
	EndGlobalSection
	GlobalSection(SolutionProperties) = preSolution
		HideSolutionNode = FALSE
	EndGlobalSection
	GlobalSection(ExtensibilityGlobals) = postSolution
		SolutionGuid = {40A44B4B-8C41-4DD9-B687-F0B9992AE5B2}
	EndGlobalSection
EndGlobal
